
Microsoft Visual Studio Solution File, Format Version 12.00
# Visual Studio Version 17
VisualStudioVersion = 17.2.32630.192
MinimumVisualStudioVersion = 10.0.40219.1
Project("{9A19103F-16F7-4668-BE54-9A1E7A4F7556}") = "Simple Chat App", "Simple Chat App\Simple Chat App.csproj", "{B2831AC3-025D-47E9-BC34-873A0D48BF9D}"
EndProject
Global
	GlobalSection(SolutionConfigurationPlatforms) = preSolution
		Debug|Any CPU = Debug|Any CPU
		Release|Any CPU = Release|Any CPU
	EndGlobalSection
	GlobalSection(ProjectConfigurationPlatforms) = postSolution
		{B2831AC3-025D-47E9-BC34-873A0D48BF9D}.Debug|Any CPU.ActiveCfg = Debug|Any CPU
		{B2831AC3-025D-47E9-BC34-873A0D48BF9D}.Debug|Any CPU.Build.0 = Debug|Any CPU
		{B2831AC3-025D-47E9-BC34-873A0D48BF9D}.Release|Any CPU.ActiveCfg = Release|Any CPU
		{B2831AC3-025D-47E9-BC34-873A0D48BF9D}.Release|Any CPU.Build.0 = Release|Any CPU
	EndGlobalSection
	GlobalSection(SolutionProperties) = preSolution
		HideSolutionNode = FALSE
	EndGlobalSection
	GlobalSection(ExtensibilityGlobals) = postSolution
		SolutionGuid = {A8EE9551-E893-41C2-8A36-CF612B81B610}
	EndGlobalSection
EndGlobal
